schema: '2.0'
stages:
  data_cleaning:
    cmd: python swiggy_delivery_time_prediction\data\data_cleaning.py
    deps:
    - path: data\raw\swiggy.csv
      hash: md5
      md5: 0b050b37dfe6cfbfaa18d7cb4e454377
      size: 7772212
    - path: swiggy_delivery_time_prediction\data\data_cleaning.py
      hash: md5
      md5: 99e6e39cc96d1d30331c14cffdb7f4a0
      size: 19709
    outs:
    - path: data\cleaned\swiggy_cleaned.csv
      hash: md5
      md5: 8304a5741f050725d706378df2cf7126
      size: 4498707
  training_test_split:
    cmd: python swiggy_delivery_time_prediction\data\training_test_split.py
    deps:
    - path: data\cleaned\swiggy_cleaned.csv
      hash: md5
      md5: 8304a5741f050725d706378df2cf7126
      size: 4498707
    - path: swiggy_delivery_time_prediction\data\training_test_split.py
      hash: md5
      md5: 2ac139a3115adf54bd67160c88129e8f
      size: 6159
    params:
      params.yaml:
        Train_Test_Split.random_state: 42
        Train_Test_Split.test_size: 0.2
    outs:
    - path: data\interim\test.csv
      hash: md5
      md5: 8ea50f9dc799652f455d90e191172b00
      size: 899130
    - path: data\interim\train.csv
      hash: md5
      md5: 778c8d506164a746a637da2991a5d577
      size: 3596629
  data_preprocessing:
    cmd: python swiggy_delivery_time_prediction\features\data_preprocessing.py
    deps:
    - path: data\interim\test.csv
      hash: md5
      md5: 8ea50f9dc799652f455d90e191172b00
      size: 899130
    - path: data\interim\train.csv
      hash: md5
      md5: 778c8d506164a746a637da2991a5d577
      size: 3596629
    - path: swiggy_delivery_time_prediction\features\data_preprocessing.py
      hash: md5
      md5: 165419d1345dd9568b3a3d052671ad2e
      size: 13001
    outs:
    - path: data\processed\transformed_test.csv
      hash: md5
      md5: 8deacee5b305cc88f502f8a0b3930931
      size: 1129789
    - path: data\processed\transformed_train.csv
      hash: md5
      md5: ae055171b87a9e0840edb32769617a88
      size: 4494165
    - path: models\preprocessor.joblib
      hash: md5
      md5: 04b4f0672bc861e89fc665143bea9fb8
      size: 8314
