schema: '2.0'
stages:
  data_cleaning:
    cmd: python swiggy_delivery_time_prediction/data/data_cleaning.py
    deps:
    - path: data/raw/swiggy.csv
      hash: md5
      md5: 0b050b37dfe6cfbfaa18d7cb4e454377
      size: 7772212
    - path: swiggy_delivery_time_prediction/data/data_cleaning.py
      hash: md5
      md5: 0baf03f625882d16b3ca8fab685b0acf
      size: 20472
    outs:
    - path: data/cleaned/swiggy_cleaned.csv
      hash: md5
      md5: 8304a5741f050725d706378df2cf7126
      size: 4498707
  training_test_split:
    cmd: python swiggy_delivery_time_prediction/data/training_test_split.py
    deps:
    - path: data/cleaned/swiggy_cleaned.csv
      hash: md5
      md5: 8304a5741f050725d706378df2cf7126
      size: 4498707
    - path: swiggy_delivery_time_prediction/data/training_test_split.py
      hash: md5
      md5: 2ac139a3115adf54bd67160c88129e8f
      size: 6159
    params:
      params.yaml:
        Train_Test_Split.random_state: 271828
        Train_Test_Split.test_size: 0.2
    outs:
    - path: data/interim/test.csv
      hash: md5
      md5: 28564512f16ea919d2a1c11ed3d48571
      size: 897707
    - path: data/interim/train.csv
      hash: md5
      md5: 9ef557cb80dae8693b3384e6f1d4fdea
      size: 3598052
  data_preprocessing:
    cmd: python swiggy_delivery_time_prediction/features/data_preprocessing.py
    deps:
    - path: data/interim/test.csv
      hash: md5
      md5: 28564512f16ea919d2a1c11ed3d48571
      size: 897707
    - path: data/interim/train.csv
      hash: md5
      md5: 9ef557cb80dae8693b3384e6f1d4fdea
      size: 3598052
    - path: swiggy_delivery_time_prediction/features/data_preprocessing.py
      hash: md5
      md5: 7d25fa5ccd0efe134b7b718575ae3b66
      size: 13142
    outs:
    - path: data/processed/transformed_test.csv
      hash: md5
      md5: e40ddf5cc446ac83866f995ff7da1d03
      size: 1118614
    - path: data/processed/transformed_train.csv
      hash: md5
      md5: cf4cf4726c0a4b0d551f223ea6926407
      size: 4505340
    - path: models/preprocessor.joblib
      hash: md5
      md5: 15ab85dce4f756e68c6c59e36a7d9330
      size: 8337
  model_training:
    cmd: python swiggy_delivery_time_prediction/models/model_training.py
    deps:
    - path: data/processed/transformed_train.csv
      hash: md5
      md5: cf4cf4726c0a4b0d551f223ea6926407
      size: 4505340
    - path: swiggy_delivery_time_prediction/models/model_training.py
      hash: md5
      md5: cfcaf75a34515639be1fc6cbbd5065be
      size: 9243
    params:
      params.yaml:
        Model_Training.LightGBM:
          n_estimators: 126
          max_depth: 28
          learning_rate: 0.2946865337767194
          subsample: 0.7920223399110035
          min_child_weight: 9
          min_split_gain: 0.013257122215308698
          reg_lambda: 31.754833031163244
          n_jobs: -1
          random_state: 42
        Model_Training.Random_Forest:
          n_estimators: 158
          criterion: squared_error
          max_depth: 19
          min_samples_split: 8
          min_samples_leaf: 6
          max_samples: 0.6205450829340415
          verbose: 1
          n_jobs: -1
          random_state: 42
    outs:
    - path: models/model.joblib
      hash: md5
      md5: daaf7977486cbb37a6643c5640007ad3
      size: 42017640
    - path: models/power_transformer.joblib
      hash: md5
      md5: 46e0735dd3c38cb3ac8bc0699ad4c69d
      size: 837
    - path: models/stacking_regressor.joblib
      hash: md5
      md5: 2b3bcf3082c2da11d8887bf6b6e45480
      size: 42010986
  model_evaluation:
    cmd: python swiggy_delivery_time_prediction/models/model_evaluation.py
    deps:
    - path: data/processed/transformed_test.csv
      hash: md5
      md5: e40ddf5cc446ac83866f995ff7da1d03
      size: 1118614
    - path: data/processed/transformed_train.csv
      hash: md5
      md5: cf4cf4726c0a4b0d551f223ea6926407
      size: 4505340
    - path: models/model.joblib
      hash: md5
      md5: daaf7977486cbb37a6643c5640007ad3
      size: 42017640
    - path: swiggy_delivery_time_prediction/models/model_evaluation.py
      hash: md5
      md5: b5e17318d1c4b403cab7c3646877a279
      size: 14548
    outs:
    - path: run_info.json
      hash: md5
      md5: b3018be62a2abff622f8cc68d0842a15
      size: 233
  model_registration:
    cmd: python swiggy_delivery_time_prediction/models/model_registration.py
    deps:
    - path: run_info.json
      hash: md5
      md5: b3018be62a2abff622f8cc68d0842a15
      size: 233
    - path: swiggy_delivery_time_prediction/models/model_registration.py
      hash: md5
      md5: fb071f230b3b07ee2443a037846286f9
      size: 5518
