schema: '2.0'
stages:
  data_cleaning:
    cmd: python swiggy_delivery_time_prediction/data/data_cleaning.py
    deps:
    - path: data/raw/swiggy.csv
      hash: md5
      md5: 0b050b37dfe6cfbfaa18d7cb4e454377
      size: 7772212
    - path: swiggy_delivery_time_prediction/data/data_cleaning.py
      hash: md5
      md5: 0baf03f625882d16b3ca8fab685b0acf
      size: 20472
    outs:
    - path: data/cleaned/swiggy_cleaned.csv
      hash: md5
      md5: 8304a5741f050725d706378df2cf7126
      size: 4498707
  training_test_split:
    cmd: python swiggy_delivery_time_prediction/data/training_test_split.py
    deps:
    - path: data/cleaned/swiggy_cleaned.csv
      hash: md5
      md5: 8304a5741f050725d706378df2cf7126
      size: 4498707
    - path: swiggy_delivery_time_prediction/data/training_test_split.py
      hash: md5
      md5: 2ac139a3115adf54bd67160c88129e8f
      size: 6159
    params:
      params.yaml:
        Train_Test_Split.random_state: 42
        Train_Test_Split.test_size: 0.25
    outs:
    - path: data/interim/test.csv
      hash: md5
      md5: 0dd4c35ed38bcd4865ac14653d4a089a
      size: 1124143
    - path: data/interim/train.csv
      hash: md5
      md5: 50502a49e69e4df4e4436094d73ea8c6
      size: 3371616
  data_preprocessing:
    cmd: python swiggy_delivery_time_prediction/features/data_preprocessing.py
    deps:
    - path: data/interim/test.csv
      hash: md5
      md5: 0dd4c35ed38bcd4865ac14653d4a089a
      size: 1124143
    - path: data/interim/train.csv
      hash: md5
      md5: 50502a49e69e4df4e4436094d73ea8c6
      size: 3371616
    - path: swiggy_delivery_time_prediction/features/data_preprocessing.py
      hash: md5
      md5: 7d25fa5ccd0efe134b7b718575ae3b66
      size: 13142
    outs:
    - path: data/processed/transformed_test.csv
      hash: md5
      md5: 6efcca54cf08038fb0b15f98510e8c2a
      size: 1409721
    - path: data/processed/transformed_train.csv
      hash: md5
      md5: c30d29c5ff150c5737447e4616047a63
      size: 4214233
    - path: models/preprocessor.joblib
      hash: md5
      md5: de2bb5a6a8f790464922738ed3c54ed9
      size: 8337
  model_training:
    cmd: python swiggy_delivery_time_prediction/models/model_training.py
    deps:
    - path: data/processed/transformed_train.csv
      hash: md5
      md5: c30d29c5ff150c5737447e4616047a63
      size: 4214233
    - path: swiggy_delivery_time_prediction/models/model_training.py
      hash: md5
      md5: cfcaf75a34515639be1fc6cbbd5065be
      size: 9243
    params:
      params.yaml:
        Model_Training.LightGBM:
          n_estimators: 126
          max_depth: 28
          learning_rate: 0.2946865337767194
          subsample: 0.7920223399110035
          min_child_weight: 9
          min_split_gain: 0.013257122215308698
          reg_lambda: 31.754833031163244
          n_jobs: -1
          random_state: 42
        Model_Training.Random_Forest:
          n_estimators: 158
          criterion: squared_error
          max_depth: 19
          min_samples_split: 8
          min_samples_leaf: 6
          max_samples: 0.6205450829340415
          verbose: 1
          n_jobs: -1
          random_state: 42
    outs:
    - path: models/model.joblib
      hash: md5
      md5: 3c7600a0e171540c32a1381f01d5645c
      size: 39449192
    - path: models/power_transformer.joblib
      hash: md5
      md5: 1872218a1970705671ecbeb23f4caaa9
      size: 837
    - path: models/stacking_regressor.joblib
      hash: md5
      md5: 32d5d75e16f8f0003f8bbac65cb1a1dd
      size: 39442538
  model_evaluation:
    cmd: python swiggy_delivery_time_prediction/models/model_evaluation.py
    deps:
    - path: data/processed/transformed_test.csv
      hash: md5
      md5: 6efcca54cf08038fb0b15f98510e8c2a
      size: 1409721
    - path: data/processed/transformed_train.csv
      hash: md5
      md5: c30d29c5ff150c5737447e4616047a63
      size: 4214233
    - path: models/model.joblib
      hash: md5
      md5: 3c7600a0e171540c32a1381f01d5645c
      size: 39449192
    - path: swiggy_delivery_time_prediction/models/model_evaluation.py
      hash: md5
      md5: b5e17318d1c4b403cab7c3646877a279
      size: 14548
    outs:
    - path: run_info.json
      hash: md5
      md5: d20d1ac6cddf60339ede8a3d97894ae3
      size: 233
  model_registration:
    cmd: python swiggy_delivery_time_prediction/models/model_registration.py
    deps:
    - path: run_info.json
      hash: md5
      md5: d20d1ac6cddf60339ede8a3d97894ae3
      size: 233
    - path: swiggy_delivery_time_prediction/models/model_registration.py
      hash: md5
      md5: fb071f230b3b07ee2443a037846286f9
      size: 5518
